
Microsoft Visual Studio Solution File, Format Version 12.00
# Visual Studio Version 17
VisualStudioVersion = 17.3.32922.545
MinimumVisualStudioVersion = 10.0.40219.1
Project("{FAE04EC0-301F-11D3-BF4B-00C04F79EFBC}") = "PersonelKayit_sql", "PersonelKayit_sql.csproj", "{0AC09FC3-FE58-4250-A2ED-3920D3AF1653}"
EndProject
Global
	GlobalSection(SolutionConfigurationPlatforms) = preSolution
		Debug|Any CPU = Debug|Any CPU
		Release|Any CPU = Release|Any CPU
	EndGlobalSection
	GlobalSection(ProjectConfigurationPlatforms) = postSolution
		{0AC09FC3-FE58-4250-A2ED-3920D3AF1653}.Debug|Any CPU.ActiveCfg = Debug|Any CPU
		{0AC09FC3-FE58-4250-A2ED-3920D3AF1653}.Debug|Any CPU.Build.0 = Debug|Any CPU
		{0AC09FC3-FE58-4250-A2ED-3920D3AF1653}.Release|Any CPU.ActiveCfg = Release|Any CPU
		{0AC09FC3-FE58-4250-A2ED-3920D3AF1653}.Release|Any CPU.Build.0 = Release|Any CPU
	EndGlobalSection
	GlobalSection(SolutionProperties) = preSolution
		HideSolutionNode = FALSE
	EndGlobalSection
	GlobalSection(ExtensibilityGlobals) = postSolution
		SolutionGuid = {657C512D-87BB-47D0-BF24-6B5E738C01D1}
	EndGlobalSection
EndGlobal
